
Microsoft Visual Studio Solution File, Format Version 12.00
# Visual Studio Version 17
VisualStudioVersion = 17.2.32526.322
MinimumVisualStudioVersion = 10.0.40219.1
Project("{9A19103F-16F7-4668-BE54-9A1E7A4F7556}") = "Lesson3", "Lesson3\Lesson3.csproj", "{95762566-BADE-4A4D-9662-4AA8584A2606}"
EndProject
Project("{9A19103F-16F7-4668-BE54-9A1E7A4F7556}") = "Lesson2", "Lesson2\Lesson2.csproj", "{141158D2-AC75-44E2-8E33-C2067E328E30}"
EndProject
Project("{9A19103F-16F7-4668-BE54-9A1E7A4F7556}") = "Lesson4", "Lesson4\Lesson4.csproj", "{7A29BF40-83A1-40FE-A53B-211802E9A712}"
EndProject
Project("{9A19103F-16F7-4668-BE54-9A1E7A4F7556}") = "Lesson8", "Lesson8\Lesson8.csproj", "{BF263F7D-F50A-4B40-9E94-83B11CA3CE1D}"
EndProject
Project("{FAE04EC0-301F-11D3-BF4B-00C04F79EFBC}") = "Lesson8.1", "Lesson8.1\Lesson8.1.csproj", "{9EBFFA78-7B79-4138-9393-0C5B8E3D0759}"
EndProject
Project("{FAE04EC0-301F-11D3-BF4B-00C04F79EFBC}") = "Lesson8.1(2)", "Lesson8.1(2)\Lesson8.1(2).csproj", "{7755E6AD-6978-4C65-9E11-C7891EB0145C}"
EndProject
Global
	GlobalSection(SolutionConfigurationPlatforms) = preSolution
		Debug|Any CPU = Debug|Any CPU
		Release|Any CPU = Release|Any CPU
	EndGlobalSection
	GlobalSection(ProjectConfigurationPlatforms) = postSolution
		{95762566-BADE-4A4D-9662-4AA8584A2606}.Debug|Any CPU.ActiveCfg = Debug|Any CPU
		{95762566-BADE-4A4D-9662-4AA8584A2606}.Debug|Any CPU.Build.0 = Debug|Any CPU
		{95762566-BADE-4A4D-9662-4AA8584A2606}.Release|Any CPU.ActiveCfg = Release|Any CPU
		{95762566-BADE-4A4D-9662-4AA8584A2606}.Release|Any CPU.Build.0 = Release|Any CPU
		{141158D2-AC75-44E2-8E33-C2067E328E30}.Debug|Any CPU.ActiveCfg = Debug|Any CPU
		{141158D2-AC75-44E2-8E33-C2067E328E30}.Debug|Any CPU.Build.0 = Debug|Any CPU
		{141158D2-AC75-44E2-8E33-C2067E328E30}.Release|Any CPU.ActiveCfg = Release|Any CPU
		{141158D2-AC75-44E2-8E33-C2067E328E30}.Release|Any CPU.Build.0 = Release|Any CPU
		{7A29BF40-83A1-40FE-A53B-211802E9A712}.Debug|Any CPU.ActiveCfg = Debug|Any CPU
		{7A29BF40-83A1-40FE-A53B-211802E9A712}.Debug|Any CPU.Build.0 = Debug|Any CPU
		{7A29BF40-83A1-40FE-A53B-211802E9A712}.Release|Any CPU.ActiveCfg = Release|Any CPU
		{7A29BF40-83A1-40FE-A53B-211802E9A712}.Release|Any CPU.Build.0 = Release|Any CPU
		{BF263F7D-F50A-4B40-9E94-83B11CA3CE1D}.Debug|Any CPU.ActiveCfg = Debug|Any CPU
		{BF263F7D-F50A-4B40-9E94-83B11CA3CE1D}.Debug|Any CPU.Build.0 = Debug|Any CPU
		{BF263F7D-F50A-4B40-9E94-83B11CA3CE1D}.Release|Any CPU.ActiveCfg = Release|Any CPU
		{BF263F7D-F50A-4B40-9E94-83B11CA3CE1D}.Release|Any CPU.Build.0 = Release|Any CPU
		{9EBFFA78-7B79-4138-9393-0C5B8E3D0759}.Debug|Any CPU.ActiveCfg = Debug|Any CPU
		{9EBFFA78-7B79-4138-9393-0C5B8E3D0759}.Debug|Any CPU.Build.0 = Debug|Any CPU
		{9EBFFA78-7B79-4138-9393-0C5B8E3D0759}.Release|Any CPU.ActiveCfg = Release|Any CPU
		{9EBFFA78-7B79-4138-9393-0C5B8E3D0759}.Release|Any CPU.Build.0 = Release|Any CPU
		{7755E6AD-6978-4C65-9E11-C7891EB0145C}.Debug|Any CPU.ActiveCfg = Debug|Any CPU
		{7755E6AD-6978-4C65-9E11-C7891EB0145C}.Debug|Any CPU.Build.0 = Debug|Any CPU
		{7755E6AD-6978-4C65-9E11-C7891EB0145C}.Release|Any CPU.ActiveCfg = Release|Any CPU
		{7755E6AD-6978-4C65-9E11-C7891EB0145C}.Release|Any CPU.Build.0 = Release|Any CPU
	EndGlobalSection
	GlobalSection(SolutionProperties) = preSolution
		HideSolutionNode = FALSE
	EndGlobalSection
	GlobalSection(ExtensibilityGlobals) = postSolution
		SolutionGuid = {BDDDEAF7-D5A3-46AA-9F6C-66CA924121AC}
	EndGlobalSection
EndGlobal
